
Microsoft Visual Studio Solution File, Format Version 12.00
# Visual Studio Version 17
VisualStudioVersion = 17.2.32616.157
MinimumVisualStudioVersion = 10.0.40219.1
Project("{9A19103F-16F7-4668-BE54-9A1E7A4F7556}") = "HVZ.Persistence", "HVZ.Persistence\HVZ.Persistence.csproj", "{DDA3D690-D9B1-4404-8F3A-4448ABCAE214}"
EndProject
Project("{9A19103F-16F7-4668-BE54-9A1E7A4F7556}") = "HVZ.Persistence.MongoDB", "HVZ.Persistence.MongoDB\HVZ.Persistence.MongoDB.csproj", "{4AF84EDD-F4B7-4315-9EE4-63EAECCA25FC}"
EndProject
Project("{9A19103F-16F7-4668-BE54-9A1E7A4F7556}") = "HVZ.Tests", "HVZ.Tests\HVZ.Tests.csproj", "{66120091-6BF5-4998-88CF-2B70DE8033C4}"
EndProject
Project("{FAE04EC0-301F-11D3-BF4B-00C04F79EFBC}") = "HVZ.Web.Server", "HVZ.Web\Server\HVZ.Web.Server.csproj", "{42E52A01-BDDB-4C5C-9085-68E7075F3F4C}"
EndProject
Project("{FAE04EC0-301F-11D3-BF4B-00C04F79EFBC}") = "HVZ.Web.Client", "HVZ.Web\Client\HVZ.Web.Client.csproj", "{341B3891-5552-4B04-B9DE-4A703AC99BCB}"
EndProject
Project("{FAE04EC0-301F-11D3-BF4B-00C04F79EFBC}") = "HVZ.Web.Shared", "HVZ.Web\Shared\HVZ.Web.Shared.csproj", "{AAE02425-AB18-4AB7-91C8-CB73945F62A4}"
EndProject
Project("{FAE04EC0-301F-11D3-BF4B-00C04F79EFBC}") = "HVZ.Razor", "HVZ.Razor\HVZ.Razor.csproj", "{5F839A7E-E80E-4E75-98F3-AF0C6C5BDF66}"
EndProject
Global
	GlobalSection(SolutionConfigurationPlatforms) = preSolution
		Debug|Any CPU = Debug|Any CPU
		Debug|x64 = Debug|x64
		Debug|x86 = Debug|x86
		Release|Any CPU = Release|Any CPU
		Release|x64 = Release|x64
		Release|x86 = Release|x86
	EndGlobalSection
	GlobalSection(ProjectConfigurationPlatforms) = postSolution
		{DDA3D690-D9B1-4404-8F3A-4448ABCAE214}.Debug|Any CPU.ActiveCfg = Debug|Any CPU
		{DDA3D690-D9B1-4404-8F3A-4448ABCAE214}.Debug|Any CPU.Build.0 = Debug|Any CPU
		{DDA3D690-D9B1-4404-8F3A-4448ABCAE214}.Debug|x64.ActiveCfg = Debug|Any CPU
		{DDA3D690-D9B1-4404-8F3A-4448ABCAE214}.Debug|x64.Build.0 = Debug|Any CPU
		{DDA3D690-D9B1-4404-8F3A-4448ABCAE214}.Debug|x86.ActiveCfg = Debug|Any CPU
		{DDA3D690-D9B1-4404-8F3A-4448ABCAE214}.Debug|x86.Build.0 = Debug|Any CPU
		{DDA3D690-D9B1-4404-8F3A-4448ABCAE214}.Release|Any CPU.ActiveCfg = Release|Any CPU
		{DDA3D690-D9B1-4404-8F3A-4448ABCAE214}.Release|Any CPU.Build.0 = Release|Any CPU
		{DDA3D690-D9B1-4404-8F3A-4448ABCAE214}.Release|x64.ActiveCfg = Release|Any CPU
		{DDA3D690-D9B1-4404-8F3A-4448ABCAE214}.Release|x64.Build.0 = Release|Any CPU
		{DDA3D690-D9B1-4404-8F3A-4448ABCAE214}.Release|x86.ActiveCfg = Release|Any CPU
		{DDA3D690-D9B1-4404-8F3A-4448ABCAE214}.Release|x86.Build.0 = Release|Any CPU
		{4AF84EDD-F4B7-4315-9EE4-63EAECCA25FC}.Debug|Any CPU.ActiveCfg = Debug|Any CPU
		{4AF84EDD-F4B7-4315-9EE4-63EAECCA25FC}.Debug|Any CPU.Build.0 = Debug|Any CPU
		{4AF84EDD-F4B7-4315-9EE4-63EAECCA25FC}.Debug|x64.ActiveCfg = Debug|Any CPU
		{4AF84EDD-F4B7-4315-9EE4-63EAECCA25FC}.Debug|x64.Build.0 = Debug|Any CPU
		{4AF84EDD-F4B7-4315-9EE4-63EAECCA25FC}.Debug|x86.ActiveCfg = Debug|Any CPU
		{4AF84EDD-F4B7-4315-9EE4-63EAECCA25FC}.Debug|x86.Build.0 = Debug|Any CPU
		{4AF84EDD-F4B7-4315-9EE4-63EAECCA25FC}.Release|Any CPU.ActiveCfg = Release|Any CPU
		{4AF84EDD-F4B7-4315-9EE4-63EAECCA25FC}.Release|Any CPU.Build.0 = Release|Any CPU
		{4AF84EDD-F4B7-4315-9EE4-63EAECCA25FC}.Release|x64.ActiveCfg = Release|Any CPU
		{4AF84EDD-F4B7-4315-9EE4-63EAECCA25FC}.Release|x64.Build.0 = Release|Any CPU
		{4AF84EDD-F4B7-4315-9EE4-63EAECCA25FC}.Release|x86.ActiveCfg = Release|Any CPU
		{4AF84EDD-F4B7-4315-9EE4-63EAECCA25FC}.Release|x86.Build.0 = Release|Any CPU
		{66120091-6BF5-4998-88CF-2B70DE8033C4}.Debug|Any CPU.ActiveCfg = Debug|Any CPU
		{66120091-6BF5-4998-88CF-2B70DE8033C4}.Debug|Any CPU.Build.0 = Debug|Any CPU
		{66120091-6BF5-4998-88CF-2B70DE8033C4}.Debug|x64.ActiveCfg = Debug|Any CPU
		{66120091-6BF5-4998-88CF-2B70DE8033C4}.Debug|x64.Build.0 = Debug|Any CPU
		{66120091-6BF5-4998-88CF-2B70DE8033C4}.Debug|x86.ActiveCfg = Debug|Any CPU
		{66120091-6BF5-4998-88CF-2B70DE8033C4}.Debug|x86.Build.0 = Debug|Any CPU
		{66120091-6BF5-4998-88CF-2B70DE8033C4}.Release|Any CPU.ActiveCfg = Release|Any CPU
		{66120091-6BF5-4998-88CF-2B70DE8033C4}.Release|Any CPU.Build.0 = Release|Any CPU
		{66120091-6BF5-4998-88CF-2B70DE8033C4}.Release|x64.ActiveCfg = Release|Any CPU
		{66120091-6BF5-4998-88CF-2B70DE8033C4}.Release|x64.Build.0 = Release|Any CPU
		{66120091-6BF5-4998-88CF-2B70DE8033C4}.Release|x86.ActiveCfg = Release|Any CPU
		{66120091-6BF5-4998-88CF-2B70DE8033C4}.Release|x86.Build.0 = Release|Any CPU
		{42E52A01-BDDB-4C5C-9085-68E7075F3F4C}.Debug|Any CPU.ActiveCfg = Debug|Any CPU
		{42E52A01-BDDB-4C5C-9085-68E7075F3F4C}.Debug|Any CPU.Build.0 = Debug|Any CPU
		{42E52A01-BDDB-4C5C-9085-68E7075F3F4C}.Debug|x64.ActiveCfg = Debug|Any CPU
		{42E52A01-BDDB-4C5C-9085-68E7075F3F4C}.Debug|x64.Build.0 = Debug|Any CPU
		{42E52A01-BDDB-4C5C-9085-68E7075F3F4C}.Debug|x86.ActiveCfg = Debug|Any CPU
		{42E52A01-BDDB-4C5C-9085-68E7075F3F4C}.Debug|x86.Build.0 = Debug|Any CPU
		{42E52A01-BDDB-4C5C-9085-68E7075F3F4C}.Release|Any CPU.ActiveCfg = Release|Any CPU
		{42E52A01-BDDB-4C5C-9085-68E7075F3F4C}.Release|Any CPU.Build.0 = Release|Any CPU
		{42E52A01-BDDB-4C5C-9085-68E7075F3F4C}.Release|x64.ActiveCfg = Release|Any CPU
		{42E52A01-BDDB-4C5C-9085-68E7075F3F4C}.Release|x64.Build.0 = Release|Any CPU
		{42E52A01-BDDB-4C5C-9085-68E7075F3F4C}.Release|x86.ActiveCfg = Release|Any CPU
		{42E52A01-BDDB-4C5C-9085-68E7075F3F4C}.Release|x86.Build.0 = Release|Any CPU
		{341B3891-5552-4B04-B9DE-4A703AC99BCB}.Debug|Any CPU.ActiveCfg = Debug|Any CPU
		{341B3891-5552-4B04-B9DE-4A703AC99BCB}.Debug|Any CPU.Build.0 = Debug|Any CPU
		{341B3891-5552-4B04-B9DE-4A703AC99BCB}.Debug|x64.ActiveCfg = Debug|Any CPU
		{341B3891-5552-4B04-B9DE-4A703AC99BCB}.Debug|x64.Build.0 = Debug|Any CPU
		{341B3891-5552-4B04-B9DE-4A703AC99BCB}.Debug|x86.ActiveCfg = Debug|Any CPU
		{341B3891-5552-4B04-B9DE-4A703AC99BCB}.Debug|x86.Build.0 = Debug|Any CPU
		{341B3891-5552-4B04-B9DE-4A703AC99BCB}.Release|Any CPU.ActiveCfg = Release|Any CPU
		{341B3891-5552-4B04-B9DE-4A703AC99BCB}.Release|Any CPU.Build.0 = Release|Any CPU
		{341B3891-5552-4B04-B9DE-4A703AC99BCB}.Release|x64.ActiveCfg = Release|Any CPU
		{341B3891-5552-4B04-B9DE-4A703AC99BCB}.Release|x64.Build.0 = Release|Any CPU
		{341B3891-5552-4B04-B9DE-4A703AC99BCB}.Release|x86.ActiveCfg = Release|Any CPU
		{341B3891-5552-4B04-B9DE-4A703AC99BCB}.Release|x86.Build.0 = Release|Any CPU
		{AAE02425-AB18-4AB7-91C8-CB73945F62A4}.Debug|Any CPU.ActiveCfg = Debug|Any CPU
		{AAE02425-AB18-4AB7-91C8-CB73945F62A4}.Debug|Any CPU.Build.0 = Debug|Any CPU
		{AAE02425-AB18-4AB7-91C8-CB73945F62A4}.Debug|x64.ActiveCfg = Debug|Any CPU
		{AAE02425-AB18-4AB7-91C8-CB73945F62A4}.Debug|x64.Build.0 = Debug|Any CPU
		{AAE02425-AB18-4AB7-91C8-CB73945F62A4}.Debug|x86.ActiveCfg = Debug|Any CPU
		{AAE02425-AB18-4AB7-91C8-CB73945F62A4}.Debug|x86.Build.0 = Debug|Any CPU
		{AAE02425-AB18-4AB7-91C8-CB73945F62A4}.Release|Any CPU.ActiveCfg = Release|Any CPU
		{AAE02425-AB18-4AB7-91C8-CB73945F62A4}.Release|Any CPU.Build.0 = Release|Any CPU
		{AAE02425-AB18-4AB7-91C8-CB73945F62A4}.Release|x64.ActiveCfg = Release|Any CPU
		{AAE02425-AB18-4AB7-91C8-CB73945F62A4}.Release|x64.Build.0 = Release|Any CPU
		{AAE02425-AB18-4AB7-91C8-CB73945F62A4}.Release|x86.ActiveCfg = Release|Any CPU
		{AAE02425-AB18-4AB7-91C8-CB73945F62A4}.Release|x86.Build.0 = Release|Any CPU
		{5F839A7E-E80E-4E75-98F3-AF0C6C5BDF66}.Debug|Any CPU.ActiveCfg = Debug|Any CPU
		{5F839A7E-E80E-4E75-98F3-AF0C6C5BDF66}.Debug|Any CPU.Build.0 = Debug|Any CPU
		{5F839A7E-E80E-4E75-98F3-AF0C6C5BDF66}.Debug|x64.ActiveCfg = Debug|Any CPU
		{5F839A7E-E80E-4E75-98F3-AF0C6C5BDF66}.Debug|x64.Build.0 = Debug|Any CPU
		{5F839A7E-E80E-4E75-98F3-AF0C6C5BDF66}.Debug|x86.ActiveCfg = Debug|Any CPU
		{5F839A7E-E80E-4E75-98F3-AF0C6C5BDF66}.Debug|x86.Build.0 = Debug|Any CPU
		{5F839A7E-E80E-4E75-98F3-AF0C6C5BDF66}.Release|Any CPU.ActiveCfg = Release|Any CPU
		{5F839A7E-E80E-4E75-98F3-AF0C6C5BDF66}.Release|Any CPU.Build.0 = Release|Any CPU
		{5F839A7E-E80E-4E75-98F3-AF0C6C5BDF66}.Release|x64.ActiveCfg = Release|Any CPU
		{5F839A7E-E80E-4E75-98F3-AF0C6C5BDF66}.Release|x64.Build.0 = Release|Any CPU
		{5F839A7E-E80E-4E75-98F3-AF0C6C5BDF66}.Release|x86.ActiveCfg = Release|Any CPU
		{5F839A7E-E80E-4E75-98F3-AF0C6C5BDF66}.Release|x86.Build.0 = Release|Any CPU
	EndGlobalSection
	GlobalSection(SolutionProperties) = preSolution
		HideSolutionNode = FALSE
	EndGlobalSection
	GlobalSection(ExtensibilityGlobals) = postSolution
		SolutionGuid = {82A50109-8264-4262-B6A2-82F6018A19BE}
	EndGlobalSection
EndGlobal
