
Microsoft Visual Studio Solution File, Format Version 12.00
# Visual Studio Version 16
VisualStudioVersion = 16.0.30114.105
MinimumVisualStudioVersion = 10.0.40219.1
Project("{FAE04EC0-301F-11D3-BF4B-00C04F79EFBC}") = "HVZ.Models", "HVZ.Models\HVZ.Models.csproj", "{07C591C3-C318-4815-B99A-39913A26CD8C}"
EndProject
Project("{FAE04EC0-301F-11D3-BF4B-00C04F79EFBC}") = "HVZ.Web", "HVZ.Web\HVZ.Web.csproj", "{A015B3E2-3E3A-4504-A20F-EB7A2F26610D}"
EndProject
Project("{FAE04EC0-301F-11D3-BF4B-00C04F79EFBC}") = "HVZ.Persistence", "HVZ.Persistence\HVZ.Persistence.csproj", "{DDA3D690-D9B1-4404-8F3A-4448ABCAE214}"
EndProject
Project("{FAE04EC0-301F-11D3-BF4B-00C04F79EFBC}") = "HVZ.Persistence.MongoDB", "HVZ.Persistence.MongoDB\HVZ.Persistence.MongoDB.csproj", "{4AF84EDD-F4B7-4315-9EE4-63EAECCA25FC}"
EndProject
Project("{FAE04EC0-301F-11D3-BF4B-00C04F79EFBC}") = "HVZ.Tests", "HVZ.Tests\HVZ.Tests.csproj", "{66120091-6BF5-4998-88CF-2B70DE8033C4}"
EndProject
Global
	GlobalSection(SolutionProperties) = preSolution
		HideSolutionNode = FALSE
	EndGlobalSection
	GlobalSection(SolutionConfigurationPlatforms) = preSolution
		Debug|Any CPU = Debug|Any CPU
		Debug|x64 = Debug|x64
		Debug|x86 = Debug|x86
		Release|Any CPU = Release|Any CPU
		Release|x64 = Release|x64
		Release|x86 = Release|x86
	EndGlobalSection
	GlobalSection(ProjectConfigurationPlatforms) = postSolution
		{4D422E6F-6167-45A4-A9BF-27A531D8AA46}.Debug|Any CPU.ActiveCfg = Debug|Any CPU
		{4D422E6F-6167-45A4-A9BF-27A531D8AA46}.Debug|Any CPU.Build.0 = Debug|Any CPU
		{4D422E6F-6167-45A4-A9BF-27A531D8AA46}.Debug|x64.ActiveCfg = Debug|Any CPU
		{4D422E6F-6167-45A4-A9BF-27A531D8AA46}.Debug|x64.Build.0 = Debug|Any CPU
		{4D422E6F-6167-45A4-A9BF-27A531D8AA46}.Debug|x86.ActiveCfg = Debug|Any CPU
		{4D422E6F-6167-45A4-A9BF-27A531D8AA46}.Debug|x86.Build.0 = Debug|Any CPU
		{4D422E6F-6167-45A4-A9BF-27A531D8AA46}.Release|Any CPU.ActiveCfg = Release|Any CPU
		{4D422E6F-6167-45A4-A9BF-27A531D8AA46}.Release|Any CPU.Build.0 = Release|Any CPU
		{4D422E6F-6167-45A4-A9BF-27A531D8AA46}.Release|x64.ActiveCfg = Release|Any CPU
		{4D422E6F-6167-45A4-A9BF-27A531D8AA46}.Release|x64.Build.0 = Release|Any CPU
		{4D422E6F-6167-45A4-A9BF-27A531D8AA46}.Release|x86.ActiveCfg = Release|Any CPU
		{4D422E6F-6167-45A4-A9BF-27A531D8AA46}.Release|x86.Build.0 = Release|Any CPU
		{07C591C3-C318-4815-B99A-39913A26CD8C}.Debug|Any CPU.ActiveCfg = Debug|Any CPU
		{07C591C3-C318-4815-B99A-39913A26CD8C}.Debug|Any CPU.Build.0 = Debug|Any CPU
		{07C591C3-C318-4815-B99A-39913A26CD8C}.Debug|x64.ActiveCfg = Debug|Any CPU
		{07C591C3-C318-4815-B99A-39913A26CD8C}.Debug|x64.Build.0 = Debug|Any CPU
		{07C591C3-C318-4815-B99A-39913A26CD8C}.Debug|x86.ActiveCfg = Debug|Any CPU
		{07C591C3-C318-4815-B99A-39913A26CD8C}.Debug|x86.Build.0 = Debug|Any CPU
		{07C591C3-C318-4815-B99A-39913A26CD8C}.Release|Any CPU.ActiveCfg = Release|Any CPU
		{07C591C3-C318-4815-B99A-39913A26CD8C}.Release|Any CPU.Build.0 = Release|Any CPU
		{07C591C3-C318-4815-B99A-39913A26CD8C}.Release|x64.ActiveCfg = Release|Any CPU
		{07C591C3-C318-4815-B99A-39913A26CD8C}.Release|x64.Build.0 = Release|Any CPU
		{07C591C3-C318-4815-B99A-39913A26CD8C}.Release|x86.ActiveCfg = Release|Any CPU
		{07C591C3-C318-4815-B99A-39913A26CD8C}.Release|x86.Build.0 = Release|Any CPU
		{A015B3E2-3E3A-4504-A20F-EB7A2F26610D}.Debug|Any CPU.ActiveCfg = Debug|Any CPU
		{A015B3E2-3E3A-4504-A20F-EB7A2F26610D}.Debug|Any CPU.Build.0 = Debug|Any CPU
		{A015B3E2-3E3A-4504-A20F-EB7A2F26610D}.Debug|x64.ActiveCfg = Debug|Any CPU
		{A015B3E2-3E3A-4504-A20F-EB7A2F26610D}.Debug|x64.Build.0 = Debug|Any CPU
		{A015B3E2-3E3A-4504-A20F-EB7A2F26610D}.Debug|x86.ActiveCfg = Debug|Any CPU
		{A015B3E2-3E3A-4504-A20F-EB7A2F26610D}.Debug|x86.Build.0 = Debug|Any CPU
		{A015B3E2-3E3A-4504-A20F-EB7A2F26610D}.Release|Any CPU.ActiveCfg = Release|Any CPU
		{A015B3E2-3E3A-4504-A20F-EB7A2F26610D}.Release|Any CPU.Build.0 = Release|Any CPU
		{A015B3E2-3E3A-4504-A20F-EB7A2F26610D}.Release|x64.ActiveCfg = Release|Any CPU
		{A015B3E2-3E3A-4504-A20F-EB7A2F26610D}.Release|x64.Build.0 = Release|Any CPU
		{A015B3E2-3E3A-4504-A20F-EB7A2F26610D}.Release|x86.ActiveCfg = Release|Any CPU
		{A015B3E2-3E3A-4504-A20F-EB7A2F26610D}.Release|x86.Build.0 = Release|Any CPU
		{DDA3D690-D9B1-4404-8F3A-4448ABCAE214}.Debug|Any CPU.ActiveCfg = Debug|Any CPU
		{DDA3D690-D9B1-4404-8F3A-4448ABCAE214}.Debug|Any CPU.Build.0 = Debug|Any CPU
		{DDA3D690-D9B1-4404-8F3A-4448ABCAE214}.Debug|x64.ActiveCfg = Debug|Any CPU
		{DDA3D690-D9B1-4404-8F3A-4448ABCAE214}.Debug|x64.Build.0 = Debug|Any CPU
		{DDA3D690-D9B1-4404-8F3A-4448ABCAE214}.Debug|x86.ActiveCfg = Debug|Any CPU
		{DDA3D690-D9B1-4404-8F3A-4448ABCAE214}.Debug|x86.Build.0 = Debug|Any CPU
		{DDA3D690-D9B1-4404-8F3A-4448ABCAE214}.Release|Any CPU.ActiveCfg = Release|Any CPU
		{DDA3D690-D9B1-4404-8F3A-4448ABCAE214}.Release|Any CPU.Build.0 = Release|Any CPU
		{DDA3D690-D9B1-4404-8F3A-4448ABCAE214}.Release|x64.ActiveCfg = Release|Any CPU
		{DDA3D690-D9B1-4404-8F3A-4448ABCAE214}.Release|x64.Build.0 = Release|Any CPU
		{DDA3D690-D9B1-4404-8F3A-4448ABCAE214}.Release|x86.ActiveCfg = Release|Any CPU
		{DDA3D690-D9B1-4404-8F3A-4448ABCAE214}.Release|x86.Build.0 = Release|Any CPU
		{73FD1A0E-7D24-436B-80C2-2CECFBBF777F}.Debug|Any CPU.ActiveCfg = Debug|Any CPU
		{73FD1A0E-7D24-436B-80C2-2CECFBBF777F}.Debug|Any CPU.Build.0 = Debug|Any CPU
		{73FD1A0E-7D24-436B-80C2-2CECFBBF777F}.Debug|x64.ActiveCfg = Debug|Any CPU
		{73FD1A0E-7D24-436B-80C2-2CECFBBF777F}.Debug|x64.Build.0 = Debug|Any CPU
		{73FD1A0E-7D24-436B-80C2-2CECFBBF777F}.Debug|x86.ActiveCfg = Debug|Any CPU
		{73FD1A0E-7D24-436B-80C2-2CECFBBF777F}.Debug|x86.Build.0 = Debug|Any CPU
		{73FD1A0E-7D24-436B-80C2-2CECFBBF777F}.Release|Any CPU.ActiveCfg = Release|Any CPU
		{73FD1A0E-7D24-436B-80C2-2CECFBBF777F}.Release|Any CPU.Build.0 = Release|Any CPU
		{73FD1A0E-7D24-436B-80C2-2CECFBBF777F}.Release|x64.ActiveCfg = Release|Any CPU
		{73FD1A0E-7D24-436B-80C2-2CECFBBF777F}.Release|x64.Build.0 = Release|Any CPU
		{73FD1A0E-7D24-436B-80C2-2CECFBBF777F}.Release|x86.ActiveCfg = Release|Any CPU
		{73FD1A0E-7D24-436B-80C2-2CECFBBF777F}.Release|x86.Build.0 = Release|Any CPU
		{4AF84EDD-F4B7-4315-9EE4-63EAECCA25FC}.Debug|Any CPU.ActiveCfg = Debug|Any CPU
		{4AF84EDD-F4B7-4315-9EE4-63EAECCA25FC}.Debug|Any CPU.Build.0 = Debug|Any CPU
		{4AF84EDD-F4B7-4315-9EE4-63EAECCA25FC}.Debug|x64.ActiveCfg = Debug|Any CPU
		{4AF84EDD-F4B7-4315-9EE4-63EAECCA25FC}.Debug|x64.Build.0 = Debug|Any CPU
		{4AF84EDD-F4B7-4315-9EE4-63EAECCA25FC}.Debug|x86.ActiveCfg = Debug|Any CPU
		{4AF84EDD-F4B7-4315-9EE4-63EAECCA25FC}.Debug|x86.Build.0 = Debug|Any CPU
		{4AF84EDD-F4B7-4315-9EE4-63EAECCA25FC}.Release|Any CPU.ActiveCfg = Release|Any CPU
		{4AF84EDD-F4B7-4315-9EE4-63EAECCA25FC}.Release|Any CPU.Build.0 = Release|Any CPU
		{4AF84EDD-F4B7-4315-9EE4-63EAECCA25FC}.Release|x64.ActiveCfg = Release|Any CPU
		{4AF84EDD-F4B7-4315-9EE4-63EAECCA25FC}.Release|x64.Build.0 = Release|Any CPU
		{4AF84EDD-F4B7-4315-9EE4-63EAECCA25FC}.Release|x86.ActiveCfg = Release|Any CPU
		{4AF84EDD-F4B7-4315-9EE4-63EAECCA25FC}.Release|x86.Build.0 = Release|Any CPU
		{66120091-6BF5-4998-88CF-2B70DE8033C4}.Debug|Any CPU.ActiveCfg = Debug|Any CPU
		{66120091-6BF5-4998-88CF-2B70DE8033C4}.Debug|Any CPU.Build.0 = Debug|Any CPU
		{66120091-6BF5-4998-88CF-2B70DE8033C4}.Debug|x64.ActiveCfg = Debug|Any CPU
		{66120091-6BF5-4998-88CF-2B70DE8033C4}.Debug|x64.Build.0 = Debug|Any CPU
		{66120091-6BF5-4998-88CF-2B70DE8033C4}.Debug|x86.ActiveCfg = Debug|Any CPU
		{66120091-6BF5-4998-88CF-2B70DE8033C4}.Debug|x86.Build.0 = Debug|Any CPU
		{66120091-6BF5-4998-88CF-2B70DE8033C4}.Release|Any CPU.ActiveCfg = Release|Any CPU
		{66120091-6BF5-4998-88CF-2B70DE8033C4}.Release|Any CPU.Build.0 = Release|Any CPU
		{66120091-6BF5-4998-88CF-2B70DE8033C4}.Release|x64.ActiveCfg = Release|Any CPU
		{66120091-6BF5-4998-88CF-2B70DE8033C4}.Release|x64.Build.0 = Release|Any CPU
		{66120091-6BF5-4998-88CF-2B70DE8033C4}.Release|x86.ActiveCfg = Release|Any CPU
		{66120091-6BF5-4998-88CF-2B70DE8033C4}.Release|x86.Build.0 = Release|Any CPU
	EndGlobalSection
EndGlobal
